
Microsoft Visual Studio Solution File, Format Version 12.00
# Visual Studio Version 17
VisualStudioVersion = 17.7.34031.279
MinimumVisualStudioVersion = 10.0.40219.1
Project("{FAE04EC0-301F-11D3-BF4B-00C04F79EFBC}") = "CsvTools", "CsvTools.csproj", "{6F5689E0-8ED4-4A72-B5EE-997125C2D8EE}"
EndProject
Global
	GlobalSection(SolutionConfigurationPlatforms) = preSolution
		Debug|Any CPU = Debug|Any CPU
		Release|Any CPU = Release|Any CPU
	EndGlobalSection
	GlobalSection(ProjectConfigurationPlatforms) = postSolution
		{6F5689E0-8ED4-4A72-B5EE-997125C2D8EE}.Debug|Any CPU.ActiveCfg = Debug|Any CPU
		{6F5689E0-8ED4-4A72-B5EE-997125C2D8EE}.Debug|Any CPU.Build.0 = Debug|Any CPU
		{6F5689E0-8ED4-4A72-B5EE-997125C2D8EE}.Release|Any CPU.ActiveCfg = Release|Any CPU
		{6F5689E0-8ED4-4A72-B5EE-997125C2D8EE}.Release|Any CPU.Build.0 = Release|Any CPU
	EndGlobalSection
	GlobalSection(SolutionProperties) = preSolution
		HideSolutionNode = FALSE
	EndGlobalSection
	GlobalSection(ExtensibilityGlobals) = postSolution
		SolutionGuid = {EE8E728A-1A1A-4812-80E5-807092F30FEC}
	EndGlobalSection
EndGlobal
